
Microsoft Visual Studio Solution File, Format Version 12.00
# Visual Studio 14
VisualStudioVersion = 14.0.22823.1
MinimumVisualStudioVersion = 10.0.40219.1
Project("{FAE04EC0-301F-11D3-BF4B-00C04F79EFBC}") = "JiraWorklogReport", "JiraWorklogReport\JiraWorklogReport.csproj", "{2196D90C-0FF6-460A-AF89-60326821B42D}"
EndProject
Global
	GlobalSection(SolutionConfigurationPlatforms) = preSolution
		Debug|Any CPU = Debug|Any CPU
		Release|Any CPU = Release|Any CPU
	EndGlobalSection
	GlobalSection(ProjectConfigurationPlatforms) = postSolution
		{2196D90C-0FF6-460A-AF89-60326821B42D}.Debug|Any CPU.ActiveCfg = Debug|Any CPU
		{2196D90C-0FF6-460A-AF89-60326821B42D}.Debug|Any CPU.Build.0 = Debug|Any CPU
		{2196D90C-0FF6-460A-AF89-60326821B42D}.Release|Any CPU.ActiveCfg = Release|Any CPU
		{2196D90C-0FF6-460A-AF89-60326821B42D}.Release|Any CPU.Build.0 = Release|Any CPU
	EndGlobalSection
	GlobalSection(SolutionProperties) = preSolution
		HideSolutionNode = FALSE
	EndGlobalSection
EndGlobal
