
Microsoft Visual Studio Solution File, Format Version 12.00
# Visual Studio 14
VisualStudioVersion = 14.0.22823.1
MinimumVisualStudioVersion = 10.0.40219.1
Project("{FAE04EC0-301F-11D3-BF4B-00C04F79EFBC}") = "JiraWorklogReport", "JiraWorklogReport\JiraWorklogReport.csproj", "{2196D90C-0FF6-460A-AF89-60326821B42D}"
EndProject
Project("{E24C65DC-7377-472B-9ABA-BC803B73C61A}") = "httpService", "httpService\", "{1E92828D-EE4D-447A-8C86-FC53D1E950A3}"
	ProjectSection(WebsiteProperties) = preProject
		TargetFrameworkMoniker = ".NETFramework,Version%3Dv2.0"
		Debug.AspNetCompiler.VirtualPath = "/localhost_2646"
		Debug.AspNetCompiler.PhysicalPath = "httpService\"
		Debug.AspNetCompiler.TargetPath = "PrecompiledWeb\localhost_2646\"
		Debug.AspNetCompiler.Updateable = "true"
		Debug.AspNetCompiler.ForceOverwrite = "true"
		Debug.AspNetCompiler.FixedNames = "false"
		Debug.AspNetCompiler.Debug = "True"
		Release.AspNetCompiler.VirtualPath = "/localhost_2646"
		Release.AspNetCompiler.PhysicalPath = "httpService\"
		Release.AspNetCompiler.TargetPath = "PrecompiledWeb\localhost_2646\"
		Release.AspNetCompiler.Updateable = "true"
		Release.AspNetCompiler.ForceOverwrite = "true"
		Release.AspNetCompiler.FixedNames = "false"
		Release.AspNetCompiler.Debug = "False"
		VWDPort = "2646"
		SlnRelativePath = "httpService\"
	EndProjectSection
EndProject
Project("{E24C65DC-7377-472B-9ABA-BC803B73C61A}") = "webSite", "webSite\", "{42BFDD9F-F9D8-4BEB-8DC7-B3B47B7FE795}"
	ProjectSection(WebsiteProperties) = preProject
		TargetFrameworkMoniker = ".NETFramework,Version%3Dv4.0"
		Debug.AspNetCompiler.VirtualPath = "/localhost_2649"
		Debug.AspNetCompiler.PhysicalPath = "webSite\"
		Debug.AspNetCompiler.TargetPath = "PrecompiledWeb\localhost_2649\"
		Debug.AspNetCompiler.Updateable = "true"
		Debug.AspNetCompiler.ForceOverwrite = "true"
		Debug.AspNetCompiler.FixedNames = "false"
		Debug.AspNetCompiler.Debug = "True"
		Release.AspNetCompiler.VirtualPath = "/localhost_2649"
		Release.AspNetCompiler.PhysicalPath = "webSite\"
		Release.AspNetCompiler.TargetPath = "PrecompiledWeb\localhost_2649\"
		Release.AspNetCompiler.Updateable = "true"
		Release.AspNetCompiler.ForceOverwrite = "true"
		Release.AspNetCompiler.FixedNames = "false"
		Release.AspNetCompiler.Debug = "False"
		VWDPort = "2649"
		SlnRelativePath = "webSite\"
	EndProjectSection
EndProject
Global
	GlobalSection(SolutionConfigurationPlatforms) = preSolution
		Debug|Any CPU = Debug|Any CPU
		Release|Any CPU = Release|Any CPU
	EndGlobalSection
	GlobalSection(ProjectConfigurationPlatforms) = postSolution
		{2196D90C-0FF6-460A-AF89-60326821B42D}.Debug|Any CPU.ActiveCfg = Debug|Any CPU
		{2196D90C-0FF6-460A-AF89-60326821B42D}.Debug|Any CPU.Build.0 = Debug|Any CPU
		{2196D90C-0FF6-460A-AF89-60326821B42D}.Release|Any CPU.ActiveCfg = Release|Any CPU
		{2196D90C-0FF6-460A-AF89-60326821B42D}.Release|Any CPU.Build.0 = Release|Any CPU
		{1E92828D-EE4D-447A-8C86-FC53D1E950A3}.Debug|Any CPU.ActiveCfg = Debug|Any CPU
		{1E92828D-EE4D-447A-8C86-FC53D1E950A3}.Debug|Any CPU.Build.0 = Debug|Any CPU
		{1E92828D-EE4D-447A-8C86-FC53D1E950A3}.Release|Any CPU.ActiveCfg = Debug|Any CPU
		{1E92828D-EE4D-447A-8C86-FC53D1E950A3}.Release|Any CPU.Build.0 = Debug|Any CPU
		{42BFDD9F-F9D8-4BEB-8DC7-B3B47B7FE795}.Debug|Any CPU.ActiveCfg = Debug|Any CPU
		{42BFDD9F-F9D8-4BEB-8DC7-B3B47B7FE795}.Debug|Any CPU.Build.0 = Debug|Any CPU
		{42BFDD9F-F9D8-4BEB-8DC7-B3B47B7FE795}.Release|Any CPU.ActiveCfg = Debug|Any CPU
		{42BFDD9F-F9D8-4BEB-8DC7-B3B47B7FE795}.Release|Any CPU.Build.0 = Debug|Any CPU
	EndGlobalSection
	GlobalSection(SolutionProperties) = preSolution
		HideSolutionNode = FALSE
	EndGlobalSection
EndGlobal
